
Microsoft Visual Studio Solution File, Format Version 12.00
# Visual Studio Version 17
VisualStudioVersion = 17.2.32602.215
MinimumVisualStudioVersion = 10.0.40219.1
Project("{FAE04EC0-301F-11D3-BF4B-00C04F79EFBC}") = "MatchingGame", "MatchingGame.csproj", "{5FA26DC5-F3CE-4241-A40C-F833A87BB5A9}"
EndProject
Global
	GlobalSection(SolutionConfigurationPlatforms) = preSolution
		Debug|Any CPU = Debug|Any CPU
		Release|Any CPU = Release|Any CPU
	EndGlobalSection
	GlobalSection(ProjectConfigurationPlatforms) = postSolution
		{5FA26DC5-F3CE-4241-A40C-F833A87BB5A9}.Debug|Any CPU.ActiveCfg = Debug|Any CPU
		{5FA26DC5-F3CE-4241-A40C-F833A87BB5A9}.Debug|Any CPU.Build.0 = Debug|Any CPU
		{5FA26DC5-F3CE-4241-A40C-F833A87BB5A9}.Release|Any CPU.ActiveCfg = Release|Any CPU
		{5FA26DC5-F3CE-4241-A40C-F833A87BB5A9}.Release|Any CPU.Build.0 = Release|Any CPU
	EndGlobalSection
	GlobalSection(SolutionProperties) = preSolution
		HideSolutionNode = FALSE
	EndGlobalSection
	GlobalSection(ExtensibilityGlobals) = postSolution
		SolutionGuid = {89D9A205-51AE-4EE3-9D8A-C9379C4918EE}
	EndGlobalSection
EndGlobal
